// !$*UTF8*$!
{
	archiveVersion = 1;
	classes = {
	};
	objectVersion = 55;
	objects = {

/* Begin PBXBuildFile section */
		20333CD4B1F9BCD69A3FFB67 /* Pods_iPassSdk.framework in Frameworks */ = {isa = PBXBuildFile; fileRef = 8A1248BD3339B6A472A434FA /* Pods_iPassSdk.framework */; };
		40184A52297E749C00C491EA /* iPassSdk.docc in Sources */ = {isa = PBXBuildFile; fileRef = 40184A51297E749C00C491EA /* iPassSdk.docc */; };
		40184A58297E749C00C491EA /* iPassSdk.framework in Frameworks */ = {isa = PBXBuildFile; fileRef = 40184A4D297E749C00C491EA /* iPassSdk.framework */; };
		40184A5D297E749C00C491EA /* iPassSdkTests.swift in Sources */ = {isa = PBXBuildFile; fileRef = 40184A5C297E749C00C491EA /* iPassSdkTests.swift */; };
		40184A5E297E749C00C491EA /* iPassSdk.h in Headers */ = {isa = PBXBuildFile; fileRef = 40184A50297E749C00C491EA /* iPassSdk.h */; settings = {ATTRIBUTES = (Public, ); }; };
		4F3B9D082805C37901E2F1B3 /* Pods_iPassSdk_iPassSdkTests.framework in Frameworks */ = {isa = PBXBuildFile; fileRef = B41EB6E7908F755F5630882F /* Pods_iPassSdk_iPassSdkTests.framework */; };
/* End PBXBuildFile section */

/* Begin PBXContainerItemProxy section */
		40184A59297E749C00C491EA /* PBXContainerItemProxy */ = {
			isa = PBXContainerItemProxy;
			containerPortal = 40184A44297E749C00C491EA /* Project object */;
			proxyType = 1;
			remoteGlobalIDString = 40184A4C297E749C00C491EA;
			remoteInfo = iPassSdk;
		};
/* End PBXContainerItemProxy section */

/* Begin PBXFileReference section */
		39703739DA484966161AE2B2 /* Pods-iPassSdk.release.xcconfig */ = {isa = PBXFileReference; includeInIndex = 1; lastKnownFileType = text.xcconfig; name = "Pods-iPassSdk.release.xcconfig"; path = "Target Support Files/Pods-iPassSdk/Pods-iPassSdk.release.xcconfig"; sourceTree = "<group>"; };
		39D91133B8E3F9EC5E319D18 /* Pods-iPassSdk-iPassSdkTests.debug.xcconfig */ = {isa = PBXFileReference; includeInIndex = 1; lastKnownFileType = text.xcconfig; name = "Pods-iPassSdk-iPassSdkTests.debug.xcconfig"; path = "Target Support Files/Pods-iPassSdk-iPassSdkTests/Pods-iPassSdk-iPassSdkTests.debug.xcconfig"; sourceTree = "<group>"; };
		40184A4D297E749C00C491EA /* iPassSdk.framework */ = {isa = PBXFileReference; explicitFileType = wrapper.framework; includeInIndex = 0; path = iPassSdk.framework; sourceTree = BUILT_PRODUCTS_DIR; };
		40184A50297E749C00C491EA /* iPassSdk.h */ = {isa = PBXFileReference; lastKnownFileType = sourcecode.c.h; path = iPassSdk.h; sourceTree = "<group>"; };
		40184A51297E749C00C491EA /* iPassSdk.docc */ = {isa = PBXFileReference; lastKnownFileType = folder.documentationcatalog; path = iPassSdk.docc; sourceTree = "<group>"; };
		40184A57297E749C00C491EA /* iPassSdkTests.xctest */ = {isa = PBXFileReference; explicitFileType = wrapper.cfbundle; includeInIndex = 0; path = iPassSdkTests.xctest; sourceTree = BUILT_PRODUCTS_DIR; };
		40184A5C297E749C00C491EA /* iPassSdkTests.swift */ = {isa = PBXFileReference; lastKnownFileType = sourcecode.swift; path = iPassSdkTests.swift; sourceTree = "<group>"; };
		4370190667E3D98CBB6E6A11 /* Pods-iPassSdk-iPassSdkTests.release.xcconfig */ = {isa = PBXFileReference; includeInIndex = 1; lastKnownFileType = text.xcconfig; name = "Pods-iPassSdk-iPassSdkTests.release.xcconfig"; path = "Target Support Files/Pods-iPassSdk-iPassSdkTests/Pods-iPassSdk-iPassSdkTests.release.xcconfig"; sourceTree = "<group>"; };
		8A1248BD3339B6A472A434FA /* Pods_iPassSdk.framework */ = {isa = PBXFileReference; explicitFileType = wrapper.framework; includeInIndex = 0; path = Pods_iPassSdk.framework; sourceTree = BUILT_PRODUCTS_DIR; };
		B41EB6E7908F755F5630882F /* Pods_iPassSdk_iPassSdkTests.framework */ = {isa = PBXFileReference; explicitFileType = wrapper.framework; includeInIndex = 0; path = Pods_iPassSdk_iPassSdkTests.framework; sourceTree = BUILT_PRODUCTS_DIR; };
		F8A632A345AFD210FFAD8440 /* Pods-iPassSdk.debug.xcconfig */ = {isa = PBXFileReference; includeInIndex = 1; lastKnownFileType = text.xcconfig; name = "Pods-iPassSdk.debug.xcconfig"; path = "Target Support Files/Pods-iPassSdk/Pods-iPassSdk.debug.xcconfig"; sourceTree = "<group>"; };
/* End PBXFileReference section */

/* Begin PBXFrameworksBuildPhase section */
		40184A4A297E749C00C491EA /* Frameworks */ = {
			isa = PBXFrameworksBuildPhase;
			buildActionMask = 2147483647;
			files = (
				20333CD4B1F9BCD69A3FFB67 /* Pods_iPassSdk.framework in Frameworks */,
			);
			runOnlyForDeploymentPostprocessing = 0;
		};
		40184A54297E749C00C491EA /* Frameworks */ = {
			isa = PBXFrameworksBuildPhase;
			buildActionMask = 2147483647;
			files = (
				40184A58297E749C00C491EA /* iPassSdk.framework in Frameworks */,
				4F3B9D082805C37901E2F1B3 /* Pods_iPassSdk_iPassSdkTests.framework in Frameworks */,
			);
			runOnlyForDeploymentPostprocessing = 0;
		};
/* End PBXFrameworksBuildPhase section */

/* Begin PBXGroup section */
		40184A43297E749C00C491EA = {
			isa = PBXGroup;
			children = (
				40184A4F297E749C00C491EA /* iPassSdk */,
				40184A5B297E749C00C491EA /* iPassSdkTests */,
				40184A4E297E749C00C491EA /* Products */,
				5B996B825FDE296C2A73A456 /* Pods */,
				63BD3A1EDEE4D00E08D17576 /* Frameworks */,
			);
			sourceTree = "<group>";
		};
		40184A4E297E749C00C491EA /* Products */ = {
			isa = PBXGroup;
			children = (
				40184A4D297E749C00C491EA /* iPassSdk.framework */,
				40184A57297E749C00C491EA /* iPassSdkTests.xctest */,
			);
			name = Products;
			sourceTree = "<group>";
		};
		40184A4F297E749C00C491EA /* iPassSdk */ = {
			isa = PBXGroup;
			children = (
				40184A50297E749C00C491EA /* iPassSdk.h */,
				40184A51297E749C00C491EA /* iPassSdk.docc */,
			);
			path = iPassSdk;
			sourceTree = "<group>";
		};
		40184A5B297E749C00C491EA /* iPassSdkTests */ = {
			isa = PBXGroup;
			children = (
				40184A5C297E749C00C491EA /* iPassSdkTests.swift */,
			);
			path = iPassSdkTests;
			sourceTree = "<group>";
		};
		5B996B825FDE296C2A73A456 /* Pods */ = {
			isa = PBXGroup;
			children = (
				F8A632A345AFD210FFAD8440 /* Pods-iPassSdk.debug.xcconfig */,
				39703739DA484966161AE2B2 /* Pods-iPassSdk.release.xcconfig */,
				39D91133B8E3F9EC5E319D18 /* Pods-iPassSdk-iPassSdkTests.debug.xcconfig */,
				4370190667E3D98CBB6E6A11 /* Pods-iPassSdk-iPassSdkTests.release.xcconfig */,
			);
			name = Pods;
			path = Pods;
			sourceTree = "<group>";
		};
		63BD3A1EDEE4D00E08D17576 /* Frameworks */ = {
			isa = PBXGroup;
			children = (
				8A1248BD3339B6A472A434FA /* Pods_iPassSdk.framework */,
				B41EB6E7908F755F5630882F /* Pods_iPassSdk_iPassSdkTests.framework */,
			);
			name = Frameworks;
			sourceTree = "<group>";
		};
/* End PBXGroup section */

/* Begin PBXHeadersBuildPhase section */
		40184A48297E749C00C491EA /* Headers */ = {
			isa = PBXHeadersBuildPhase;
			buildActionMask = 2147483647;
			files = (
				40184A5E297E749C00C491EA /* iPassSdk.h in Headers */,
			);
			runOnlyForDeploymentPostprocessing = 0;
		};
/* End PBXHeadersBuildPhase section */

/* Begin PBXNativeTarget section */
		40184A4C297E749C00C491EA /* iPassSdk */ = {
			isa = PBXNativeTarget;
			buildConfigurationList = 40184A61297E749C00C491EA /* Build configuration list for PBXNativeTarget "iPassSdk" */;
			buildPhases = (
				893DEC2558D5180B35EDBE90 /* [CP] Check Pods Manifest.lock */,
				40184A48297E749C00C491EA /* Headers */,
				40184A49297E749C00C491EA /* Sources */,
				40184A4A297E749C00C491EA /* Frameworks */,
				40184A4B297E749C00C491EA /* Resources */,
			);
			buildRules = (
			);
			dependencies = (
			);
			name = iPassSdk;
			productName = iPassSdk;
			productReference = 40184A4D297E749C00C491EA /* iPassSdk.framework */;
			productType = "com.apple.product-type.framework";
		};
		40184A56297E749C00C491EA /* iPassSdkTests */ = {
			isa = PBXNativeTarget;
			buildConfigurationList = 40184A64297E749C00C491EA /* Build configuration list for PBXNativeTarget "iPassSdkTests" */;
			buildPhases = (
				85B696D4329EAA7285182CB2 /* [CP] Check Pods Manifest.lock */,
				40184A53297E749C00C491EA /* Sources */,
				40184A54297E749C00C491EA /* Frameworks */,
				40184A55297E749C00C491EA /* Resources */,
				67F4A2B9A14A818AEF11572E /* [CP] Embed Pods Frameworks */,
			);
			buildRules = (
			);
			dependencies = (
				40184A5A297E749C00C491EA /* PBXTargetDependency */,
			);
			name = iPassSdkTests;
			productName = iPassSdkTests;
			productReference = 40184A57297E749C00C491EA /* iPassSdkTests.xctest */;
			productType = "com.apple.product-type.bundle.unit-test";
		};
/* End PBXNativeTarget section */

/* Begin PBXProject section */
		40184A44297E749C00C491EA /* Project object */ = {
			isa = PBXProject;
			attributes = {
				BuildIndependentTargetsInParallel = 1;
				LastSwiftUpdateCheck = 1340;
				LastUpgradeCheck = 1340;
				TargetAttributes = {
					40184A4C297E749C00C491EA = {
						CreatedOnToolsVersion = 13.4.1;
					};
					40184A56297E749C00C491EA = {
						CreatedOnToolsVersion = 13.4.1;
					};
				};
			};
			buildConfigurationList = 40184A47297E749C00C491EA /* Build configuration list for PBXProject "iPassSdk" */;
			compatibilityVersion = "Xcode 13.0";
			developmentRegion = en;
			hasScannedForEncodings = 0;
			knownRegions = (
				en,
				Base,
			);
			mainGroup = 40184A43297E749C00C491EA;
			productRefGroup = 40184A4E297E749C00C491EA /* Products */;
			projectDirPath = "";
			projectRoot = "";
			targets = (
				40184A4C297E749C00C491EA /* iPassSdk */,
				40184A56297E749C00C491EA /* iPassSdkTests */,
			);
		};
/* End PBXProject section */

/* Begin PBXResourcesBuildPhase section */
		40184A4B297E749C00C491EA /* Resources */ = {
			isa = PBXResourcesBuildPhase;
			buildActionMask = 2147483647;
			files = (
			);
			runOnlyForDeploymentPostprocessing = 0;
		};
		40184A55297E749C00C491EA /* Resources */ = {
			isa = PBXResourcesBuildPhase;
			buildActionMask = 2147483647;
			files = (
			);
			runOnlyForDeploymentPostprocessing = 0;
		};
/* End PBXResourcesBuildPhase section */

/* Begin PBXShellScriptBuildPhase section */
		67F4A2B9A14A818AEF11572E /* [CP] Embed Pods Frameworks */ = {
			isa = PBXShellScriptBuildPhase;
			buildActionMask = 2147483647;
			files = (
			);
			inputFileListPaths = (
				"${PODS_ROOT}/Target Support Files/Pods-iPassSdk-iPassSdkTests/Pods-iPassSdk-iPassSdkTests-frameworks-${CONFIGURATION}-input-files.xcfilelist",
			);
			name = "[CP] Embed Pods Frameworks";
			outputFileListPaths = (
				"${PODS_ROOT}/Target Support Files/Pods-iPassSdk-iPassSdkTests/Pods-iPassSdk-iPassSdkTests-frameworks-${CONFIGURATION}-output-files.xcfilelist",
			);
			runOnlyForDeploymentPostprocessing = 0;
			shellPath = /bin/sh;
			shellScript = "\"${PODS_ROOT}/Target Support Files/Pods-iPassSdk-iPassSdkTests/Pods-iPassSdk-iPassSdkTests-frameworks.sh\"\n";
			showEnvVarsInLog = 0;
		};
		85B696D4329EAA7285182CB2 /* [CP] Check Pods Manifest.lock */ = {
			isa = PBXShellScriptBuildPhase;
			buildActionMask = 2147483647;
			files = (
			);
			inputFileListPaths = (
			);
			inputPaths = (
				"${PODS_PODFILE_DIR_PATH}/Podfile.lock",
				"${PODS_ROOT}/Manifest.lock",
			);
			name = "[CP] Check Pods Manifest.lock";
			outputFileListPaths = (
			);
			outputPaths = (
				"$(DERIVED_FILE_DIR)/Pods-iPassSdk-iPassSdkTests-checkManifestLockResult.txt",
			);
			runOnlyForDeploymentPostprocessing = 0;
			shellPath = /bin/sh;
			shellScript = "diff \"${PODS_PODFILE_DIR_PATH}/Podfile.lock\" \"${PODS_ROOT}/Manifest.lock\" > /dev/null\nif [ $? != 0 ] ; then\n    # print error to STDERR\n    echo \"error: The sandbox is not in sync with the Podfile.lock. Run 'pod install' or update your CocoaPods installation.\" >&2\n    exit 1\nfi\n# This output is used by Xcode 'outputs' to avoid re-running this script phase.\necho \"SUCCESS\" > \"${SCRIPT_OUTPUT_FILE_0}\"\n";
			showEnvVarsInLog = 0;
		};
		893DEC2558D5180B35EDBE90 /* [CP] Check Pods Manifest.lock */ = {
			isa = PBXShellScriptBuildPhase;
			buildActionMask = 2147483647;
			files = (
			);
			inputFileListPaths = (
			);
			inputPaths = (
				"${PODS_PODFILE_DIR_PATH}/Podfile.lock",
				"${PODS_ROOT}/Manifest.lock",
			);
			name = "[CP] Check Pods Manifest.lock";
			outputFileListPaths = (
			);
			outputPaths = (
				"$(DERIVED_FILE_DIR)/Pods-iPassSdk-checkManifestLockResult.txt",
			);
			runOnlyForDeploymentPostprocessing = 0;
			shellPath = /bin/sh;
			shellScript = "diff \"${PODS_PODFILE_DIR_PATH}/Podfile.lock\" \"${PODS_ROOT}/Manifest.lock\" > /dev/null\nif [ $? != 0 ] ; then\n    # print error to STDERR\n    echo \"error: The sandbox is not in sync with the Podfile.lock. Run 'pod install' or update your CocoaPods installation.\" >&2\n    exit 1\nfi\n# This output is used by Xcode 'outputs' to avoid re-running this script phase.\necho \"SUCCESS\" > \"${SCRIPT_OUTPUT_FILE_0}\"\n";
			showEnvVarsInLog = 0;
		};
/* End PBXShellScriptBuildPhase section */

/* Begin PBXSourcesBuildPhase section */
		40184A49297E749C00C491EA /* Sources */ = {
			isa = PBXSourcesBuildPhase;
			buildActionMask = 2147483647;
			files = (
				40184A52297E749C00C491EA /* iPassSdk.docc in Sources */,
			);
			runOnlyForDeploymentPostprocessing = 0;
		};
		40184A53297E749C00C491EA /* Sources */ = {
			isa = PBXSourcesBuildPhase;
			buildActionMask = 2147483647;
			files = (
				40184A5D297E749C00C491EA /* iPassSdkTests.swift in Sources */,
			);
			runOnlyForDeploymentPostprocessing = 0;
		};
/* End PBXSourcesBuildPhase section */

/* Begin PBXTargetDependency section */
		40184A5A297E749C00C491EA /* PBXTargetDependency */ = {
			isa = PBXTargetDependency;
			target = 40184A4C297E749C00C491EA /* iPassSdk */;
			targetProxy = 40184A59297E749C00C491EA /* PBXContainerItemProxy */;
		};
/* End PBXTargetDependency section */

/* Begin XCBuildConfiguration section */
		40184A5F297E749C00C491EA /* Debug */ = {
			isa = XCBuildConfiguration;
			buildSettings = {
				ALWAYS_SEARCH_USER_PATHS = NO;
				CLANG_ANALYZER_NONNULL = YES;
				CLANG_ANALYZER_NUMBER_OBJECT_CONVERSION = YES_AGGRESSIVE;
				CLANG_CXX_LANGUAGE_STANDARD = "gnu++17";
				CLANG_ENABLE_MODULES = YES;
				CLANG_ENABLE_OBJC_ARC = YES;
				CLANG_ENABLE_OBJC_WEAK = YES;
				CLANG_WARN_BLOCK_CAPTURE_AUTORELEASING = YES;
				CLANG_WARN_BOOL_CONVERSION = YES;
				CLANG_WARN_COMMA = YES;
				CLANG_WARN_CONSTANT_CONVERSION = YES;
				CLANG_WARN_DEPRECATED_OBJC_IMPLEMENTATIONS = YES;
				CLANG_WARN_DIRECT_OBJC_ISA_USAGE = YES_ERROR;
				CLANG_WARN_DOCUMENTATION_COMMENTS = YES;
				CLANG_WARN_EMPTY_BODY = YES;
				CLANG_WARN_ENUM_CONVERSION = YES;
				CLANG_WARN_INFINITE_RECURSION = YES;
				CLANG_WARN_INT_CONVERSION = YES;
				CLANG_WARN_NON_LITERAL_NULL_CONVERSION = YES;
				CLANG_WARN_OBJC_IMPLICIT_RETAIN_SELF = YES;
				CLANG_WARN_OBJC_LITERAL_CONVERSION = YES;
				CLANG_WARN_OBJC_ROOT_CLASS = YES_ERROR;
				CLANG_WARN_QUOTED_INCLUDE_IN_FRAMEWORK_HEADER = YES;
				CLANG_WARN_RANGE_LOOP_ANALYSIS = YES;
				CLANG_WARN_STRICT_PROTOTYPES = YES;
				CLANG_WARN_SUSPICIOUS_MOVE = YES;
				CLANG_WARN_UNGUARDED_AVAILABILITY = YES_AGGRESSIVE;
				CLANG_WARN_UNREACHABLE_CODE = YES;
				CLANG_WARN__DUPLICATE_METHOD_MATCH = YES;
				COPY_PHASE_STRIP = NO;
				CURRENT_PROJECT_VERSION = 1;
				DEBUG_INFORMATION_FORMAT = dwarf;
				ENABLE_STRICT_OBJC_MSGSEND = YES;
				ENABLE_TESTABILITY = YES;
				GCC_C_LANGUAGE_STANDARD = gnu11;
				GCC_DYNAMIC_NO_PIC = NO;
				GCC_NO_COMMON_BLOCKS = YES;
				GCC_OPTIMIZATION_LEVEL = 0;
				GCC_PREPROCESSOR_DEFINITIONS = (
					"DEBUG=1",
					"$(inherited)",
				);
				GCC_WARN_64_TO_32_BIT_CONVERSION = YES;
				GCC_WARN_ABOUT_RETURN_TYPE = YES_ERROR;
				GCC_WARN_UNDECLARED_SELECTOR = YES;
				GCC_WARN_UNINITIALIZED_AUTOS = YES_AGGRESSIVE;
				GCC_WARN_UNUSED_FUNCTION = YES;
				GCC_WARN_UNUSED_VARIABLE = YES;
				IPHONEOS_DEPLOYMENT_TARGET = 15.5;
				MTL_ENABLE_DEBUG_INFO = INCLUDE_SOURCE;
				MTL_FAST_MATH = YES;
				ONLY_ACTIVE_ARCH = YES;
				SDKROOT = iphoneos;
				SWIFT_ACTIVE_COMPILATION_CONDITIONS = DEBUG;
				SWIFT_OPTIMIZATION_LEVEL = "-Onone";
				VERSIONING_SYSTEM = "apple-generic";
				VERSION_INFO_PREFIX = "";
			};
			name = Debug;
		};
		40184A60297E749C00C491EA /* Release */ = {
			isa = XCBuildConfiguration;
			buildSettings = {
				ALWAYS_SEARCH_USER_PATHS = NO;
				CLANG_ANALYZER_NONNULL = YES;
				CLANG_ANALYZER_NUMBER_OBJECT_CONVERSION = YES_AGGRESSIVE;
				CLANG_CXX_LANGUAGE_STANDARD = "gnu++17";
				CLANG_ENABLE_MODULES = YES;
				CLANG_ENABLE_OBJC_ARC = YES;
				CLANG_ENABLE_OBJC_WEAK = YES;
				CLANG_WARN_BLOCK_CAPTURE_AUTORELEASING = YES;
				CLANG_WARN_BOOL_CONVERSION = YES;
				CLANG_WARN_COMMA = YES;
				CLANG_WARN_CONSTANT_CONVERSION = YES;
				CLANG_WARN_DEPRECATED_OBJC_IMPLEMENTATIONS = YES;
				CLANG_WARN_DIRECT_OBJC_ISA_USAGE = YES_ERROR;
				CLANG_WARN_DOCUMENTATION_COMMENTS = YES;
				CLANG_WARN_EMPTY_BODY = YES;
				CLANG_WARN_ENUM_CONVERSION = YES;
				CLANG_WARN_INFINITE_RECURSION = YES;
				CLANG_WARN_INT_CONVERSION = YES;
				CLANG_WARN_NON_LITERAL_NULL_CONVERSION = YES;
				CLANG_WARN_OBJC_IMPLICIT_RETAIN_SELF = YES;
				CLANG_WARN_OBJC_LITERAL_CONVERSION = YES;
				CLANG_WARN_OBJC_ROOT_CLASS = YES_ERROR;
				CLANG_WARN_QUOTED_INCLUDE_IN_FRAMEWORK_HEADER = YES;
				CLANG_WARN_RANGE_LOOP_ANALYSIS = YES;
				CLANG_WARN_STRICT_PROTOTYPES = YES;
				CLANG_WARN_SUSPICIOUS_MOVE = YES;
				CLANG_WARN_UNGUARDED_AVAILABILITY = YES_AGGRESSIVE;
				CLANG_WARN_UNREACHABLE_CODE = YES;
				CLANG_WARN__DUPLICATE_METHOD_MATCH = YES;
				COPY_PHASE_STRIP = NO;
				CURRENT_PROJECT_VERSION = 1;
				DEBUG_INFORMATION_FORMAT = "dwarf-with-dsym";
				ENABLE_NS_ASSERTIONS = NO;
				ENABLE_STRICT_OBJC_MSGSEND = YES;
				GCC_C_LANGUAGE_STANDARD = gnu11;
				GCC_NO_COMMON_BLOCKS = YES;
				GCC_WARN_64_TO_32_BIT_CONVERSION = YES;
				GCC_WARN_ABOUT_RETURN_TYPE = YES_ERROR;
				GCC_WARN_UNDECLARED_SELECTOR = YES;
				GCC_WARN_UNINITIALIZED_AUTOS = YES_AGGRESSIVE;
				GCC_WARN_UNUSED_FUNCTION = YES;
				GCC_WARN_UNUSED_VARIABLE = YES;
				IPHONEOS_DEPLOYMENT_TARGET = 15.5;
				MTL_ENABLE_DEBUG_INFO = NO;
				MTL_FAST_MATH = YES;
				SDKROOT = iphoneos;
				SWIFT_COMPILATION_MODE = wholemodule;
				SWIFT_OPTIMIZATION_LEVEL = "-O";
				VALIDATE_PRODUCT = YES;
				VERSIONING_SYSTEM = "apple-generic";
				VERSION_INFO_PREFIX = "";
			};
			name = Release;
		};
		40184A62297E749C00C491EA /* Debug */ = {
			isa = XCBuildConfiguration;
			baseConfigurationReference = F8A632A345AFD210FFAD8440 /* Pods-iPassSdk.debug.xcconfig */;
			buildSettings = {
				CODE_SIGN_STYLE = Automatic;
				CURRENT_PROJECT_VERSION = 1;
				DEFINES_MODULE = YES;
				DYLIB_COMPATIBILITY_VERSION = 1;
				DYLIB_CURRENT_VERSION = 1;
				DYLIB_INSTALL_NAME_BASE = "@rpath";
				GENERATE_INFOPLIST_FILE = YES;
				INFOPLIST_KEY_NSHumanReadableCopyright = "";
				INSTALL_PATH = "$(LOCAL_LIBRARY_DIR)/Frameworks";
				LD_RUNPATH_SEARCH_PATHS = (
					"$(inherited)",
					"@executable_path/Frameworks",
					"@loader_path/Frameworks",
				);
				MARKETING_VERSION = 1.0;
				PRODUCT_BUNDLE_IDENTIFIER = com.iPassSdk;
				PRODUCT_NAME = "$(TARGET_NAME:c99extidentifier)";
				SKIP_INSTALL = YES;
				SWIFT_EMIT_LOC_STRINGS = YES;
				SWIFT_VERSION = 5.0;
				TARGETED_DEVICE_FAMILY = "1,2";
			};
			name = Debug;
		};
		40184A63297E749C00C491EA /* Release */ = {
			isa = XCBuildConfiguration;
			baseConfigurationReference = 39703739DA484966161AE2B2 /* Pods-iPassSdk.release.xcconfig */;
			buildSettings = {
				CODE_SIGN_STYLE = Automatic;
				CURRENT_PROJECT_VERSION = 1;
				DEFINES_MODULE = YES;
				DYLIB_COMPATIBILITY_VERSION = 1;
				DYLIB_CURRENT_VERSION = 1;
				DYLIB_INSTALL_NAME_BASE = "@rpath";
				GENERATE_INFOPLIST_FILE = YES;
				INFOPLIST_KEY_NSHumanReadableCopyright = "";
				INSTALL_PATH = "$(LOCAL_LIBRARY_DIR)/Frameworks";
				LD_RUNPATH_SEARCH_PATHS = (
					"$(inherited)",
					"@executable_path/Frameworks",
					"@loader_path/Frameworks",
				);
				MARKETING_VERSION = 1.0;
				PRODUCT_BUNDLE_IDENTIFIER = com.iPassSdk;
				PRODUCT_NAME = "$(TARGET_NAME:c99extidentifier)";
				SKIP_INSTALL = YES;
				SWIFT_EMIT_LOC_STRINGS = YES;
				SWIFT_VERSION = 5.0;
				TARGETED_DEVICE_FAMILY = "1,2";
			};
			name = Release;
		};
		40184A65297E749C00C491EA /* Debug */ = {
			isa = XCBuildConfiguration;
			baseConfigurationReference = 39D91133B8E3F9EC5E319D18 /* Pods-iPassSdk-iPassSdkTests.debug.xcconfig */;
			buildSettings = {
				CODE_SIGN_STYLE = Automatic;
				CURRENT_PROJECT_VERSION = 1;
				GENERATE_INFOPLIST_FILE = YES;
				MARKETING_VERSION = 1.0;
				PRODUCT_BUNDLE_IDENTIFIER = com.iPassSdkTests;
				PRODUCT_NAME = "$(TARGET_NAME)";
				SWIFT_EMIT_LOC_STRINGS = NO;
				SWIFT_VERSION = 5.0;
				TARGETED_DEVICE_FAMILY = "1,2";
			};
			name = Debug;
		};
		40184A66297E749C00C491EA /* Release */ = {
			isa = XCBuildConfiguration;
			baseConfigurationReference = 4370190667E3D98CBB6E6A11 /* Pods-iPassSdk-iPassSdkTests.release.xcconfig */;
			buildSettings = {
				CODE_SIGN_STYLE = Automatic;
				CURRENT_PROJECT_VERSION = 1;
				GENERATE_INFOPLIST_FILE = YES;
				MARKETING_VERSION = 1.0;
				PRODUCT_BUNDLE_IDENTIFIER = com.iPassSdkTests;
				PRODUCT_NAME = "$(TARGET_NAME)";
				SWIFT_EMIT_LOC_STRINGS = NO;
				SWIFT_VERSION = 5.0;
				TARGETED_DEVICE_FAMILY = "1,2";
			};
			name = Release;
		};
/* End XCBuildConfiguration section */

/* Begin XCConfigurationList section */
		40184A47297E749C00C491EA /* Build configuration list for PBXProject "iPassSdk" */ = {
			isa = XCConfigurationList;
			buildConfigurations = (
				40184A5F297E749C00C491EA /* Debug */,
				40184A60297E749C00C491EA /* Release */,
			);
			defaultConfigurationIsVisible = 0;
			defaultConfigurationName = Release;
		};
		40184A61297E749C00C491EA /* Build configuration list for PBXNativeTarget "iPassSdk" */ = {
			isa = XCConfigurationList;
			buildConfigurations = (
				40184A62297E749C00C491EA /* Debug */,
				40184A63297E749C00C491EA /* Release */,
			);
			defaultConfigurationIsVisible = 0;
			defaultConfigurationName = Release;
		};
		40184A64297E749C00C491EA /* Build configuration list for PBXNativeTarget "iPassSdkTests" */ = {
			isa = XCConfigurationList;
			buildConfigurations = (
				40184A65297E749C00C491EA /* Debug */,
				40184A66297E749C00C491EA /* Release */,
			);
			defaultConfigurationIsVisible = 0;
			defaultConfigurationName = Release;
		};
/* End XCConfigurationList section */
	};
	rootObject = 40184A44297E749C00C491EA /* Project object */;
}
